// !$*UTF8*$!
{
	archiveVersion = 1;
	classes = {
	};
	objectVersion = 46;
	objects = {

/* Begin PBXBuildFile section */
		55772E06146BD73300B5D8A7 /* UIKit.framework in Frameworks */ = {isa = PBXBuildFile; fileRef = 55772E05146BD73300B5D8A7 /* UIKit.framework */; };
		55772E08146BD73300B5D8A7 /* Foundation.framework in Frameworks */ = {isa = PBXBuildFile; fileRef = 55772E07146BD73300B5D8A7 /* Foundation.framework */; };
		55772E0A146BD73300B5D8A7 /* CoreGraphics.framework in Frameworks */ = {isa = PBXBuildFile; fileRef = 55772E09146BD73300B5D8A7 /* CoreGraphics.framework */; };
		55772E10146BD73300B5D8A7 /* InfoPlist.strings in Resources */ = {isa = PBXBuildFile; fileRef = 55772E0E146BD73300B5D8A7 /* InfoPlist.strings */; };
		55772E12146BD73300B5D8A7 /* main.m in Sources */ = {isa = PBXBuildFile; fileRef = 55772E11146BD73300B5D8A7 /* main.m */; };
		55772E16146BD73300B5D8A7 /* AppDelegate.m in Sources */ = {isa = PBXBuildFile; fileRef = 55772E15146BD73300B5D8A7 /* AppDelegate.m */; };
		55772E19146BD73300B5D8A7 /* MainStoryboard.storyboard in Resources */ = {isa = PBXBuildFile; fileRef = 55772E17146BD73300B5D8A7 /* MainStoryboard.storyboard */; };
		55772E1C146BD73300B5D8A7 /* TableViewController.m in Sources */ = {isa = PBXBuildFile; fileRef = 55772E1B146BD73300B5D8A7 /* TableViewController.m */; };
/* End PBXBuildFile section */

/* Begin PBXFileReference section */
		55772E01146BD73300B5D8A7 /* StaticTableTest.app */ = {isa = PBXFileReference; explicitFileType = wrapper.application; includeInIndex = 0; path = StaticTableTest.app; sourceTree = BUILT_PRODUCTS_DIR; };
		55772E05146BD73300B5D8A7 /* UIKit.framework */ = {isa = PBXFileReference; lastKnownFileType = wrapper.framework; name = UIKit.framework; path = System/Library/Frameworks/UIKit.framework; sourceTree = SDKROOT; };
		55772E07146BD73300B5D8A7 /* Foundation.framework */ = {isa = PBXFileReference; lastKnownFileType = wrapper.framework; name = Foundation.framework; path = System/Library/Frameworks/Foundation.framework; sourceTree = SDKROOT; };
		55772E09146BD73300B5D8A7 /* CoreGraphics.framework */ = {isa = PBXFileReference; lastKnownFileType = wrapper.framework; name = CoreGraphics.framework; path = System/Library/Frameworks/CoreGraphics.framework; sourceTree = SDKROOT; };
		55772E0D146BD73300B5D8A7 /* StaticTableTest-Info.plist */ = {isa = PBXFileReference; lastKnownFileType = text.plist.xml; path = "StaticTableTest-Info.plist"; sourceTree = "<group>"; };
		55772E0F146BD73300B5D8A7 /* en */ = {isa = PBXFileReference; lastKnownFileType = text.plist.strings; name = en; path = en.lproj/InfoPlist.strings; sourceTree = "<group>"; };
		55772E11146BD73300B5D8A7 /* main.m */ = {isa = PBXFileReference; lastKnownFileType = sourcecode.c.objc; path = main.m; sourceTree = "<group>"; };
		55772E13146BD73300B5D8A7 /* StaticTableTest-Prefix.pch */ = {isa = PBXFileReference; lastKnownFileType = sourcecode.c.h; path = "StaticTableTest-Prefix.pch"; sourceTree = "<group>"; };
		55772E14146BD73300B5D8A7 /* AppDelegate.h */ = {isa = PBXFileReference; lastKnownFileType = sourcecode.c.h; path = AppDelegate.h; sourceTree = "<group>"; };
		55772E15146BD73300B5D8A7 /* AppDelegate.m */ = {isa = PBXFileReference; lastKnownFileType = sourcecode.c.objc; path = AppDelegate.m; sourceTree = "<group>"; };
		55772E18146BD73300B5D8A7 /* en */ = {isa = PBXFileReference; lastKnownFileType = file.storyboard; name = en; path = en.lproj/MainStoryboard.storyboard; sourceTree = "<group>"; };
		55772E1A146BD73300B5D8A7 /* TableViewController.h */ = {isa = PBXFileReference; lastKnownFileType = sourcecode.c.h; path = TableViewController.h; sourceTree = "<group>"; };
		55772E1B146BD73300B5D8A7 /* TableViewController.m */ = {isa = PBXFileReference; lastKnownFileType = sourcecode.c.objc; path = TableViewController.m; sourceTree = "<group>"; };
/* End PBXFileReference section */

/* Begin PBXFrameworksBuildPhase section */
		55772DFE146BD73300B5D8A7 /* Frameworks */ = {
			isa = PBXFrameworksBuildPhase;
			buildActionMask = 2147483647;
			files = (
				55772E06146BD73300B5D8A7 /* UIKit.framework in Frameworks */,
				55772E08146BD73300B5D8A7 /* Foundation.framework in Frameworks */,
				55772E0A146BD73300B5D8A7 /* CoreGraphics.framework in Frameworks */,
			);
			runOnlyForDeploymentPostprocessing = 0;
		};
/* End PBXFrameworksBuildPhase section */

/* Begin PBXGroup section */
		55772DF6146BD73300B5D8A7 = {
			isa = PBXGroup;
			children = (
				55772E0B146BD73300B5D8A7 /* StaticTableTest */,
				55772E04146BD73300B5D8A7 /* Frameworks */,
				55772E02146BD73300B5D8A7 /* Products */,
			);
			sourceTree = "<group>";
		};
		55772E02146BD73300B5D8A7 /* Products */ = {
			isa = PBXGroup;
			children = (
				55772E01146BD73300B5D8A7 /* StaticTableTest.app */,
			);
			name = Products;
			sourceTree = "<group>";
		};
		55772E04146BD73300B5D8A7 /* Frameworks */ = {
			isa = PBXGroup;
			children = (
				55772E05146BD73300B5D8A7 /* UIKit.framework */,
				55772E07146BD73300B5D8A7 /* Foundation.framework */,
				55772E09146BD73300B5D8A7 /* CoreGraphics.framework */,
			);
			name = Frameworks;
			sourceTree = "<group>";
		};
		55772E0B146BD73300B5D8A7 /* StaticTableTest */ = {
			isa = PBXGroup;
			children = (
				55772E14146BD73300B5D8A7 /* AppDelegate.h */,
				55772E15146BD73300B5D8A7 /* AppDelegate.m */,
				55772E17146BD73300B5D8A7 /* MainStoryboard.storyboard */,
				55772E1A146BD73300B5D8A7 /* TableViewController.h */,
				55772E1B146BD73300B5D8A7 /* TableViewController.m */,
				55772E0C146BD73300B5D8A7 /* Supporting Files */,
			);
			path = StaticTableTest;
			sourceTree = "<group>";
		};
		55772E0C146BD73300B5D8A7 /* Supporting Files */ = {
			isa = PBXGroup;
			children = (
				55772E0D146BD73300B5D8A7 /* StaticTableTest-Info.plist */,
				55772E0E146BD73300B5D8A7 /* InfoPlist.strings */,
				55772E11146BD73300B5D8A7 /* main.m */,
				55772E13146BD73300B5D8A7 /* StaticTableTest-Prefix.pch */,
			);
			name = "Supporting Files";
			sourceTree = "<group>";
		};
/* End PBXGroup section */

/* Begin PBXNativeTarget section */
		55772E00146BD73300B5D8A7 /* StaticTableTest */ = {
			isa = PBXNativeTarget;
			buildConfigurationList = 55772E1F146BD73300B5D8A7 /* Build configuration list for PBXNativeTarget "StaticTableTest" */;
			buildPhases = (
				55772DFD146BD73300B5D8A7 /* Sources */,
				55772DFE146BD73300B5D8A7 /* Frameworks */,
				55772DFF146BD73300B5D8A7 /* Resources */,
			);
			buildRules = (
			);
			dependencies = (
			);
			name = StaticTableTest;
			productName = StaticTableTest;
			productReference = 55772E01146BD73300B5D8A7 /* StaticTableTest.app */;
			productType = "com.apple.product-type.application";
		};
/* End PBXNativeTarget section */

/* Begin PBXProject section */
		55772DF8146BD73300B5D8A7 /* Project object */ = {
			isa = PBXProject;
			attributes = {
				LastUpgradeCheck = 0420;
				ORGANIZATIONNAME = "Shiny Development Ltd.";
			};
			buildConfigurationList = 55772DFB146BD73300B5D8A7 /* Build configuration list for PBXProject "StaticTableTest" */;
			compatibilityVersion = "Xcode 3.2";
			developmentRegion = English;
			hasScannedForEncodings = 0;
			knownRegions = (
				en,
			);
			mainGroup = 55772DF6146BD73300B5D8A7;
			productRefGroup = 55772E02146BD73300B5D8A7 /* Products */;
			projectDirPath = "";
			projectRoot = "";
			targets = (
				55772E00146BD73300B5D8A7 /* StaticTableTest */,
			);
		};
/* End PBXProject section */

/* Begin PBXResourcesBuildPhase section */
		55772DFF146BD73300B5D8A7 /* Resources */ = {
			isa = PBXResourcesBuildPhase;
			buildActionMask = 2147483647;
			files = (
				55772E10146BD73300B5D8A7 /* InfoPlist.strings in Resources */,
				55772E19146BD73300B5D8A7 /* MainStoryboard.storyboard in Resources */,
			);
			runOnlyForDeploymentPostprocessing = 0;
		};
/* End PBXResourcesBuildPhase section */

/* Begin PBXSourcesBuildPhase section */
		55772DFD146BD73300B5D8A7 /* Sources */ = {
			isa = PBXSourcesBuildPhase;
			buildActionMask = 2147483647;
			files = (
				55772E12146BD73300B5D8A7 /* main.m in Sources */,
				55772E16146BD73300B5D8A7 /* AppDelegate.m in Sources */,
				55772E1C146BD73300B5D8A7 /* TableViewController.m in Sources */,
			);
			runOnlyForDeploymentPostprocessing = 0;
		};
/* End PBXSourcesBuildPhase section */

/* Begin PBXVariantGroup section */
		55772E0E146BD73300B5D8A7 /* InfoPlist.strings */ = {
			isa = PBXVariantGroup;
			children = (
				55772E0F146BD73300B5D8A7 /* en */,
			);
			name = InfoPlist.strings;
			sourceTree = "<group>";
		};
		55772E17146BD73300B5D8A7 /* MainStoryboard.storyboard */ = {
			isa = PBXVariantGroup;
			children = (
				55772E18146BD73300B5D8A7 /* en */,
			);
			name = MainStoryboard.storyboard;
			sourceTree = "<group>";
		};
/* End PBXVariantGroup section */

/* Begin XCBuildConfiguration section */
		55772E1D146BD73300B5D8A7 /* Debug */ = {
			isa = XCBuildConfiguration;
			buildSettings = {
				ALWAYS_SEARCH_USER_PATHS = NO;
				ARCHS = "$(ARCHS_STANDARD_32_BIT)";
				CLANG_ENABLE_OBJC_ARC = YES;
				"CODE_SIGN_IDENTITY[sdk=iphoneos*]" = "iPhone Developer";
				COPY_PHASE_STRIP = NO;
				GCC_C_LANGUAGE_STANDARD = gnu99;
				GCC_DYNAMIC_NO_PIC = NO;
				GCC_OPTIMIZATION_LEVEL = 0;
				GCC_PREPROCESSOR_DEFINITIONS = (
					"DEBUG=1",
					"$(inherited)",
				);
				GCC_SYMBOLS_PRIVATE_EXTERN = NO;
				GCC_VERSION = com.apple.compilers.llvm.clang.1_0;
				GCC_WARN_ABOUT_MISSING_PROTOTYPES = YES;
				GCC_WARN_ABOUT_RETURN_TYPE = YES;
				GCC_WARN_UNUSED_VARIABLE = YES;
				IPHONEOS_DEPLOYMENT_TARGET = 5.0;
				SDKROOT = iphoneos;
			};
			name = Debug;
		};
		55772E1E146BD73300B5D8A7 /* Release */ = {
			isa = XCBuildConfiguration;
			buildSettings = {
				ALWAYS_SEARCH_USER_PATHS = NO;
				ARCHS = "$(ARCHS_STANDARD_32_BIT)";
				CLANG_ENABLE_OBJC_ARC = YES;
				"CODE_SIGN_IDENTITY[sdk=iphoneos*]" = "iPhone Developer";
				COPY_PHASE_STRIP = YES;
				GCC_C_LANGUAGE_STANDARD = gnu99;
				GCC_VERSION = com.apple.compilers.llvm.clang.1_0;
				GCC_WARN_ABOUT_MISSING_PROTOTYPES = YES;
				GCC_WARN_ABOUT_RETURN_TYPE = YES;
				GCC_WARN_UNUSED_VARIABLE = YES;
				IPHONEOS_DEPLOYMENT_TARGET = 5.0;
				OTHER_CFLAGS = "-DNS_BLOCK_ASSERTIONS=1";
				SDKROOT = iphoneos;
				VALIDATE_PRODUCT = YES;
			};
			name = Release;
		};
		55772E20146BD73300B5D8A7 /* Debug */ = {
			isa = XCBuildConfiguration;
			buildSettings = {
				GCC_PRECOMPILE_PREFIX_HEADER = YES;
				GCC_PREFIX_HEADER = "StaticTableTest/StaticTableTest-Prefix.pch";
				INFOPLIST_FILE = "StaticTableTest/StaticTableTest-Info.plist";
				PRODUCT_NAME = "$(TARGET_NAME)";
				WRAPPER_EXTENSION = app;
			};
			name = Debug;
		};
		55772E21146BD73300B5D8A7 /* Release */ = {
			isa = XCBuildConfiguration;
			buildSettings = {
				GCC_PRECOMPILE_PREFIX_HEADER = YES;
				GCC_PREFIX_HEADER = "StaticTableTest/StaticTableTest-Prefix.pch";
				INFOPLIST_FILE = "StaticTableTest/StaticTableTest-Info.plist";
				PRODUCT_NAME = "$(TARGET_NAME)";
				WRAPPER_EXTENSION = app;
			};
			name = Release;
		};
/* End XCBuildConfiguration section */

/* Begin XCConfigurationList section */
		55772DFB146BD73300B5D8A7 /* Build configuration list for PBXProject "StaticTableTest" */ = {
			isa = XCConfigurationList;
			buildConfigurations = (
				55772E1D146BD73300B5D8A7 /* Debug */,
				55772E1E146BD73300B5D8A7 /* Release */,
			);
			defaultConfigurationIsVisible = 0;
			defaultConfigurationName = Release;
		};
		55772E1F146BD73300B5D8A7 /* Build configuration list for PBXNativeTarget "StaticTableTest" */ = {
			isa = XCConfigurationList;
			buildConfigurations = (
				55772E20146BD73300B5D8A7 /* Debug */,
				55772E21146BD73300B5D8A7 /* Release */,
			);
			defaultConfigurationIsVisible = 0;
		};
/* End XCConfigurationList section */
	};
	rootObject = 55772DF8146BD73300B5D8A7 /* Project object */;
}
